# @generated - this file is auto-generated by `mise lock` https://mise.jdx.dev/dev-tools/mise-lock.html

[[tools.node]]
version = "24.18.0"
backend = "core:node"

[tools.node."platforms.linux-arm64"]
checksum = "sha256:6b4484c2190274175df9aa8f28e2d758a819cb1c1fe6ab481e2f95b463ab8508"
url = "https://nodejs.org/dist/v24.18.0/node-v24.18.0-linux-arm64.tar.gz"

[tools.node."platforms.linux-arm64-musl"]
checksum = "sha256:b1c6c2dc31b46dd8fb2322f4fe75b07e775c5120bc37251deeea28f529d4567b"
url = "https://unofficial-builds.nodejs.org/download/release/v24.18.0/node-v24.18.0-linux-arm64-musl.tar.gz"

[tools.node."platforms.linux-x64"]
checksum = "sha256:783130984963db7ba9cbd01089eaf2c2efb055c7c1693c943174b967b3050cb8"
url = "https://nodejs.org/dist/v24.18.0/node-v24.18.0-linux-x64.tar.gz"

[tools.node."platforms.linux-x64-musl"]
checksum = "sha256:ea58409911e141ec6b19d9178efa2d9185a13295005b1cbf5521b3157eed1d95"
url = "https://unofficial-builds.nodejs.org/download/release/v24.18.0/node-v24.18.0-linux-x64-musl.tar.gz"

[tools.node."platforms.macos-arm64"]
checksum = "sha256:e1a97e14c99c803e96c7339403282ea05a499c32f8d83defe9ef5ec66f979ed1"
url = "https://nodejs.org/dist/v24.18.0/node-v24.18.0-darwin-arm64.tar.gz"

[tools.node."platforms.macos-x64"]
checksum = "sha256:dfd0dbd3e721503434df7b7205e719f61b3a3a31b2bcf9729b8b91fea240f080"
url = "https://nodejs.org/dist/v24.18.0/node-v24.18.0-darwin-x64.tar.gz"

[tools.node."platforms.windows-x64"]
checksum = "sha256:0ae68406b42d7725661da979b1403ec9926da205c6770827f33aac9d8f26e821"
url = "https://nodejs.org/dist/v24.18.0/node-v24.18.0-win-x64.zip"

[[tools.pnpm]]
version = "11.15.0"
backend = "aqua:pnpm/pnpm"

[tools.pnpm."platforms.linux-arm64"]
checksum = "sha256:d0c62d5953a9ba168267d81d178edf0fcdd9ea947da7b3e21ff8f65a679dd4ba"
url = "https://github.com/pnpm/pnpm/releases/download/v11.15.0/pnpm-linux-arm64.tar.gz"
url_api = "https://api.github.com/repos/pnpm/pnpm/releases/assets/481462338"
provenance = "github-attestations"

[tools.pnpm."platforms.linux-arm64-musl"]
checksum = "sha256:04efd75a46b7d79dda92dbddaed729c4b54cc50d2ca836cb0f24f1f591387916"
url = "https://github.com/pnpm/pnpm/releases/download/v11.15.0/pnpm-linux-arm64-musl.tar.gz"
url_api = "https://api.github.com/repos/pnpm/pnpm/releases/assets/481462341"
provenance = "github-attestations"

[tools.pnpm."platforms.linux-x64"]
checksum = "sha256:f9fb813541b04a9c63f0b87d4116794b24ecf6c61f1c0757f3f32b03bb3b55b3"
url = "https://github.com/pnpm/pnpm/releases/download/v11.15.0/pnpm-linux-x64.tar.gz"
url_api = "https://api.github.com/repos/pnpm/pnpm/releases/assets/481462340"
provenance = "github-attestations"

[tools.pnpm."platforms.linux-x64-musl"]
checksum = "sha256:1a8ad7bbf355dc37d516d443e3de0768920fc22a03761ac7ff02a790a55ffb2d"
url = "https://github.com/pnpm/pnpm/releases/download/v11.15.0/pnpm-linux-x64-musl.tar.gz"
url_api = "https://api.github.com/repos/pnpm/pnpm/releases/assets/481462339"
provenance = "github-attestations"

[tools.pnpm."platforms.macos-arm64"]
checksum = "sha256:662da4d7515b268c20fae097147a0ddcb91f9eba23b79c1c8d403e0d6fea1900"
url = "https://github.com/pnpm/pnpm/releases/download/v11.15.0/pnpm-darwin-arm64.tar.gz"
url_api = "https://api.github.com/repos/pnpm/pnpm/releases/assets/481462336"
provenance = "github-attestations"

[tools.pnpm."platforms.windows-x64"]
checksum = "sha256:da333ad91f95ee97caf9bb66a5a100f328d42b72a39007d4f3f2639a2b4166e7"
url = "https://github.com/pnpm/pnpm/releases/download/v11.15.0/pnpm-win32-x64.zip"
url_api = "https://api.github.com/repos/pnpm/pnpm/releases/assets/481465354"
provenance = "github-attestations"

[[tools.pre-commit]]
version = "4.6.0"
backend = "aqua:pre-commit/pre-commit"

[tools.pre-commit."platforms.linux-arm64"]
checksum = "sha256:ea8a0c84902e48c1875558f2f362ed8476773aa5fc8c16c5d8f2acc2a2830a65"
url = "https://github.com/pre-commit/pre-commit/releases/download/v4.6.0/pre-commit-4.6.0.pyz"
url_api = "https://api.github.com/repos/pre-commit/pre-commit/releases/assets/401888770"

[tools.pre-commit."platforms.linux-arm64-musl"]
checksum = "sha256:ea8a0c84902e48c1875558f2f362ed8476773aa5fc8c16c5d8f2acc2a2830a65"
url = "https://github.com/pre-commit/pre-commit/releases/download/v4.6.0/pre-commit-4.6.0.pyz"
url_api = "https://api.github.com/repos/pre-commit/pre-commit/releases/assets/401888770"

[tools.pre-commit."platforms.linux-x64"]
checksum = "sha256:ea8a0c84902e48c1875558f2f362ed8476773aa5fc8c16c5d8f2acc2a2830a65"
url = "https://github.com/pre-commit/pre-commit/releases/download/v4.6.0/pre-commit-4.6.0.pyz"
url_api = "https://api.github.com/repos/pre-commit/pre-commit/releases/assets/401888770"

[tools.pre-commit."platforms.linux-x64-musl"]
checksum = "sha256:ea8a0c84902e48c1875558f2f362ed8476773aa5fc8c16c5d8f2acc2a2830a65"
url = "https://github.com/pre-commit/pre-commit/releases/download/v4.6.0/pre-commit-4.6.0.pyz"
url_api = "https://api.github.com/repos/pre-commit/pre-commit/releases/assets/401888770"

[tools.pre-commit."platforms.macos-arm64"]
checksum = "sha256:ea8a0c84902e48c1875558f2f362ed8476773aa5fc8c16c5d8f2acc2a2830a65"
url = "https://github.com/pre-commit/pre-commit/releases/download/v4.6.0/pre-commit-4.6.0.pyz"
url_api = "https://api.github.com/repos/pre-commit/pre-commit/releases/assets/401888770"

[tools.pre-commit."platforms.macos-x64"]
checksum = "sha256:ea8a0c84902e48c1875558f2f362ed8476773aa5fc8c16c5d8f2acc2a2830a65"
url = "https://github.com/pre-commit/pre-commit/releases/download/v4.6.0/pre-commit-4.6.0.pyz"
url_api = "https://api.github.com/repos/pre-commit/pre-commit/releases/assets/401888770"

[[tools.ripgrep]]
version = "15.2.0"
backend = "aqua:BurntSushi/ripgrep"

[tools.ripgrep."platforms.linux-arm64"]
checksum = "sha256:a740b91c82eaf9914cfedd353572f2791cbe0162c84101ee0951058f4dcbc90d"
url = "https://github.com/BurntSushi/ripgrep/releases/download/15.2.0/ripgrep-15.2.0-aarch64-unknown-linux-gnu.tar.gz"
url_api = "https://api.github.com/repos/BurntSushi/ripgrep/releases/assets/478119579"

[tools.ripgrep."platforms.linux-arm64-musl"]
checksum = "sha256:800b1e7206afe799dfb5a6901f23147cfaabe0e52210538100f61e86e1740915"
url = "https://github.com/BurntSushi/ripgrep/releases/download/15.2.0/ripgrep-15.2.0-aarch64-unknown-linux-musl.tar.gz"
url_api = "https://api.github.com/repos/BurntSushi/ripgrep/releases/assets/478120060"

[tools.ripgrep."platforms.linux-x64"]
checksum = "sha256:33e15bcf1624b25cdd2a55813a47a2f95dbe126268203e76aa6a585d1e7b149c"
url = "https://github.com/BurntSushi/ripgrep/releases/download/15.2.0/ripgrep-15.2.0-x86_64-unknown-linux-musl.tar.gz"
url_api = "https://api.github.com/repos/BurntSushi/ripgrep/releases/assets/478120097"

[tools.ripgrep."platforms.linux-x64-musl"]
checksum = "sha256:33e15bcf1624b25cdd2a55813a47a2f95dbe126268203e76aa6a585d1e7b149c"
url = "https://github.com/BurntSushi/ripgrep/releases/download/15.2.0/ripgrep-15.2.0-x86_64-unknown-linux-musl.tar.gz"
url_api = "https://api.github.com/repos/BurntSushi/ripgrep/releases/assets/478120097"

[tools.ripgrep."platforms.macos-arm64"]
checksum = "sha256:3750b2e93f37e0c692657da574d7019a101c0084da05a790c83fd335bad973e4"
url = "https://github.com/BurntSushi/ripgrep/releases/download/15.2.0/ripgrep-15.2.0-aarch64-apple-darwin.tar.gz"
url_api = "https://api.github.com/repos/BurntSushi/ripgrep/releases/assets/478118851"

[tools.ripgrep."platforms.macos-x64"]
checksum = "sha256:af7825fcc69a2afc7a7aea55fc9af90e26421d8f20fe59df32e233c0b8a231c1"
url = "https://github.com/BurntSushi/ripgrep/releases/download/15.2.0/ripgrep-15.2.0-x86_64-apple-darwin.tar.gz"
url_api = "https://api.github.com/repos/BurntSushi/ripgrep/releases/assets/478119585"

[tools.ripgrep."platforms.windows-x64"]
checksum = "sha256:71b2fef860abe467217a538ff31de02f5258807c0129f771846f87bd029aafc5"
url = "https://github.com/BurntSushi/ripgrep/releases/download/15.2.0/ripgrep-15.2.0-x86_64-pc-windows-msvc.zip"
url_api = "https://api.github.com/repos/BurntSushi/ripgrep/releases/assets/478119643"

[[tools.trivy]]
version = "0.72.0"
backend = "aqua:aquasecurity/trivy"

[tools.trivy."platforms.linux-arm64"]
checksum = "sha256:2ca2c023109c2db6b2b77366b6717291452d4531167377d95c79547f0c8e3467"
url = "https://github.com/aquasecurity/trivy/releases/download/v0.72.0/trivy_0.72.0_Linux-ARM64.tar.gz"
url_api = "https://api.github.com/repos/aquasecurity/trivy/releases/assets/462015056"
provenance = "cosign"

[tools.trivy."platforms.linux-arm64-musl"]
checksum = "sha256:2ca2c023109c2db6b2b77366b6717291452d4531167377d95c79547f0c8e3467"
url = "https://github.com/aquasecurity/trivy/releases/download/v0.72.0/trivy_0.72.0_Linux-ARM64.tar.gz"
url_api = "https://api.github.com/repos/aquasecurity/trivy/releases/assets/462015056"
provenance = "cosign"

[tools.trivy."platforms.linux-x64"]
checksum = "sha256:bbb64b9695866ce4a7a8f5c9592002c5961cab378577fa3f8a040df362b9b2ea"
url = "https://github.com/aquasecurity/trivy/releases/download/v0.72.0/trivy_0.72.0_Linux-64bit.tar.gz"
url_api = "https://api.github.com/repos/aquasecurity/trivy/releases/assets/462015055"
provenance = "cosign"

[tools.trivy."platforms.linux-x64-musl"]
checksum = "sha256:bbb64b9695866ce4a7a8f5c9592002c5961cab378577fa3f8a040df362b9b2ea"
url = "https://github.com/aquasecurity/trivy/releases/download/v0.72.0/trivy_0.72.0_Linux-64bit.tar.gz"
url_api = "https://api.github.com/repos/aquasecurity/trivy/releases/assets/462015055"
provenance = "cosign"

[tools.trivy."platforms.macos-arm64"]
checksum = "sha256:88f208680dc05da2b459e19b4f5aa2b4dc7c2117892ba4aab2ae63baba330016"
url = "https://github.com/aquasecurity/trivy/releases/download/v0.72.0/trivy_0.72.0_macOS-ARM64.tar.gz"
url_api = "https://api.github.com/repos/aquasecurity/trivy/releases/assets/462015117"
provenance = "cosign"

[tools.trivy."platforms.macos-x64"]
checksum = "sha256:ee5e60df8a98e5b89fd74a6d86f9e5c7e9a266a35002cb1e43291698b3bfee08"
url = "https://github.com/aquasecurity/trivy/releases/download/v0.72.0/trivy_0.72.0_macOS-64bit.tar.gz"
url_api = "https://api.github.com/repos/aquasecurity/trivy/releases/assets/462015094"
provenance = "cosign"

[tools.trivy."platforms.windows-x64"]
checksum = "sha256:ed3cf122060f61818fe1f735fd97557954e16e10bc8b058af9852271cf2e91b3"
url = "https://github.com/aquasecurity/trivy/releases/download/v0.72.0/trivy_0.72.0_windows-64bit.zip"
url_api = "https://api.github.com/repos/aquasecurity/trivy/releases/assets/462015116"
provenance = "cosign"
